
Microsoft Visual Studio Solution File, Format Version 12.00
# Visual Studio 14
VisualStudioVersion = 14.0.23107.0
MinimumVisualStudioVersion = 10.0.40219.1
Project("{FAE04EC0-301F-11D3-BF4B-00C04F79EFBC}") = "ClownfishTimesheet", "ClownfishTimesheet\ClownfishTimesheet.csproj", "{45FF5E3B-91D8-4961-BB7E-30B5D89A4C42}"
EndProject
Project("{2150E333-8FDC-42A3-9474-1A3956D46DE8}") = "PublishScripts", "PublishScripts", "{336DB535-67A2-4B77-BB90-AC16611795CA}"
	ProjectSection(SolutionItems) = preProject
		PublishScripts\AzureWebsitePublishModule.psm1 = PublishScripts\AzureWebsitePublishModule.psm1
		PublishScripts\Publish-WebApplicationWebsite.ps1 = PublishScripts\Publish-WebApplicationWebsite.ps1
	EndProjectSection
EndProject
Project("{2150E333-8FDC-42A3-9474-1A3956D46DE8}") = "Configurations", "Configurations", "{650C7221-EF30-4E4C-8910-7CA7AFAFBF61}"
	ProjectSection(SolutionItems) = preProject
		PublishScripts\Configurations\ClownfishTimesheet-WAWS-dev.json = PublishScripts\Configurations\ClownfishTimesheet-WAWS-dev.json
	EndProjectSection
EndProject
Project("{2150E333-8FDC-42A3-9474-1A3956D46DE8}") = ".nuget", ".nuget", "{21957F11-CEE5-45AF-B8F1-2FCE67CDE809}"
	ProjectSection(SolutionItems) = preProject
		.nuget\packages.config = .nuget\packages.config
	EndProjectSection
EndProject
Global
	GlobalSection(SolutionConfigurationPlatforms) = preSolution
		Debug|Any CPU = Debug|Any CPU
		Release|Any CPU = Release|Any CPU
	EndGlobalSection
	GlobalSection(ProjectConfigurationPlatforms) = postSolution
		{45FF5E3B-91D8-4961-BB7E-30B5D89A4C42}.Debug|Any CPU.ActiveCfg = Debug|Any CPU
		{45FF5E3B-91D8-4961-BB7E-30B5D89A4C42}.Debug|Any CPU.Build.0 = Debug|Any CPU
		{45FF5E3B-91D8-4961-BB7E-30B5D89A4C42}.Release|Any CPU.ActiveCfg = Release|Any CPU
		{45FF5E3B-91D8-4961-BB7E-30B5D89A4C42}.Release|Any CPU.Build.0 = Release|Any CPU
	EndGlobalSection
	GlobalSection(SolutionProperties) = preSolution
		HideSolutionNode = FALSE
	EndGlobalSection
	GlobalSection(NestedProjects) = preSolution
		{650C7221-EF30-4E4C-8910-7CA7AFAFBF61} = {336DB535-67A2-4B77-BB90-AC16611795CA}
	EndGlobalSection
EndGlobal
